
Microsoft Visual Studio Solution File, Format Version 12.00
# Visual Studio Version 17
VisualStudioVersion = 17.5.33414.496
MinimumVisualStudioVersion = 10.0.40219.1
Project("{9A19103F-16F7-4668-BE54-9A1E7A4F7556}") = "TaskComplitionSource", "TaskComplitionSource\TaskComplitionSource.csproj", "{B9765E4A-85B8-4515-B320-ED35C8DBD7EB}"
EndProject
Project("{9A19103F-16F7-4668-BE54-9A1E7A4F7556}") = "ArrangeMeasureOverride", "ArrangeMeasureOverride\ArrangeMeasureOverride.csproj", "{BFBAD77D-E975-4B59-BBE9-9C98236F494D}"
EndProject
Project("{9A19103F-16F7-4668-BE54-9A1E7A4F7556}") = "TaskComplitionSource.Tests", "TaskComplitionSource.Tests\TaskComplitionSource.Tests.csproj", "{A8BAF7E3-425A-4E5B-A8F5-8A630ED03C4E}"
EndProject
Project("{9A19103F-16F7-4668-BE54-9A1E7A4F7556}") = "ArrangeMeasureOverride.Tests", "ArrangeMeasureOverride.Tests\ArrangeMeasureOverride.Tests.csproj", "{442C30D7-BA25-442E-AE1B-A9050DDA1097}"
EndProject
Project("{2150E333-8FDC-42A3-9474-1A3956D46DE8}") = "EngineDatabase", "EngineDatabase", "{36A88E5B-0E3C-453C-9D1E-1DCD3F0D8583}"
EndProject
Project("{9A19103F-16F7-4668-BE54-9A1E7A4F7556}") = "EngineUIComponents", "EngineDatabase\EngineControls\EngineUIComponents.csproj", "{F4ABEF63-B2B1-4743-AED7-CC0B5CE5CF62}"
EndProject
Project("{9A19103F-16F7-4668-BE54-9A1E7A4F7556}") = "EngineModels", "EngineDatabase\EngineModels\EngineModels.csproj", "{1FCDF01F-CDE8-4BF1-9E37-A85CC4E5A002}"
EndProject
Project("{9A19103F-16F7-4668-BE54-9A1E7A4F7556}") = "EngineDataAccess", "EngineDatabase\EngineDataAccess\EngineDataAccess.csproj", "{72D4FCF9-B56C-4561-ADE6-C8CBF7F74956}"
EndProject
Project("{9A19103F-16F7-4668-BE54-9A1E7A4F7556}") = "EngineStartup", "EngineDatabase\EngineStartup\EngineStartup.csproj", "{BB8B5C97-7606-4005-AA71-BE9E190F0731}"
EndProject
Project("{930C7802-8A8C-48F9-8165-68863BCCD9DD}") = "EngineDatabaseSetup", "EngineDatabase\EngineDatabaseSetup\EngineDatabaseSetup.wixproj", "{8B5884F5-0C08-4B65-85C8-0BD52C2BF63A}"
EndProject
Project("{930C7802-8A8C-48F9-8165-68863BCCD9DD}") = "EngineDatabaseBootstrapper", "EngineDatabase\EngineDatabaseBootstrapper\EngineDatabaseBootstrapper.wixproj", "{94663C64-CAC5-4B0A-A977-244530AFC7DF}"
EndProject
Project("{9A19103F-16F7-4668-BE54-9A1E7A4F7556}") = "ArrangeMeasureOverride2", "ArrangeMeasureOverride2\ArrangeMeasureOverride2.csproj", "{A491FC3A-DFA2-4652-AB00-62C8C0E1A1AE}"
EndProject
Project("{2150E333-8FDC-42A3-9474-1A3956D46DE8}") = "InterviewQuestions", "InterviewQuestions", "{535325BC-5CBF-46E3-8ED2-7ECD39ED3C1E}"
EndProject
Project("{FAE04EC0-301F-11D3-BF4B-00C04F79EFBC}") = "AsyncAwait", "C:\Users\Viktor.Ponomarenko.ELEKS-SOFTWARE\source\repos\InterviewQuestions\AsyncAwait\AsyncAwait.csproj", "{44D49688-5E46-493B-9EA2-757F3EB77399}"
EndProject
Project("{FAE04EC0-301F-11D3-BF4B-00C04F79EFBC}") = "AsyncAwaitWPF", "C:\Users\Viktor.Ponomarenko.ELEKS-SOFTWARE\source\repos\InterviewQuestions\AsyncAwaitWPF\AsyncAwaitWPF.csproj", "{5966C1DE-814C-47FC-AAAF-B6CFC7ED2F20}"
EndProject
Project("{FAE04EC0-301F-11D3-BF4B-00C04F79EFBC}") = "Events", "C:\Users\Viktor.Ponomarenko.ELEKS-SOFTWARE\source\repos\InterviewQuestions\Events\Events.csproj", "{30F0CC44-928D-432A-AC99-F494D9C480B8}"
EndProject
Project("{FAE04EC0-301F-11D3-BF4B-00C04F79EFBC}") = "Methods", "C:\Users\Viktor.Ponomarenko.ELEKS-SOFTWARE\source\repos\InterviewQuestions\Methods\Methods.csproj", "{48045718-0BBF-4E06-984B-AD4392AE02B8}"
EndProject
Project("{FAE04EC0-301F-11D3-BF4B-00C04F79EFBC}") = "Yield", "C:\Users\Viktor.Ponomarenko.ELEKS-SOFTWARE\source\repos\InterviewQuestions\Yield\Yield.csproj", "{F30D1B98-43CC-45BE-8D01-85922183AF8E}"
EndProject
Global
	GlobalSection(SolutionConfigurationPlatforms) = preSolution
		Debug|Any CPU = Debug|Any CPU
		Debug|x86 = Debug|x86
		Release|Any CPU = Release|Any CPU
		Release|x86 = Release|x86
	EndGlobalSection
	GlobalSection(ProjectConfigurationPlatforms) = postSolution
		{B9765E4A-85B8-4515-B320-ED35C8DBD7EB}.Debug|Any CPU.ActiveCfg = Debug|Any CPU
		{B9765E4A-85B8-4515-B320-ED35C8DBD7EB}.Debug|Any CPU.Build.0 = Debug|Any CPU
		{B9765E4A-85B8-4515-B320-ED35C8DBD7EB}.Debug|x86.ActiveCfg = Debug|Any CPU
		{B9765E4A-85B8-4515-B320-ED35C8DBD7EB}.Debug|x86.Build.0 = Debug|Any CPU
		{B9765E4A-85B8-4515-B320-ED35C8DBD7EB}.Release|Any CPU.ActiveCfg = Release|Any CPU
		{B9765E4A-85B8-4515-B320-ED35C8DBD7EB}.Release|Any CPU.Build.0 = Release|Any CPU
		{B9765E4A-85B8-4515-B320-ED35C8DBD7EB}.Release|x86.ActiveCfg = Release|Any CPU
		{B9765E4A-85B8-4515-B320-ED35C8DBD7EB}.Release|x86.Build.0 = Release|Any CPU
		{BFBAD77D-E975-4B59-BBE9-9C98236F494D}.Debug|Any CPU.ActiveCfg = Debug|Any CPU
		{BFBAD77D-E975-4B59-BBE9-9C98236F494D}.Debug|Any CPU.Build.0 = Debug|Any CPU
		{BFBAD77D-E975-4B59-BBE9-9C98236F494D}.Debug|x86.ActiveCfg = Debug|Any CPU
		{BFBAD77D-E975-4B59-BBE9-9C98236F494D}.Debug|x86.Build.0 = Debug|Any CPU
		{BFBAD77D-E975-4B59-BBE9-9C98236F494D}.Release|Any CPU.ActiveCfg = Release|Any CPU
		{BFBAD77D-E975-4B59-BBE9-9C98236F494D}.Release|Any CPU.Build.0 = Release|Any CPU
		{BFBAD77D-E975-4B59-BBE9-9C98236F494D}.Release|x86.ActiveCfg = Release|Any CPU
		{BFBAD77D-E975-4B59-BBE9-9C98236F494D}.Release|x86.Build.0 = Release|Any CPU
		{A8BAF7E3-425A-4E5B-A8F5-8A630ED03C4E}.Debug|Any CPU.ActiveCfg = Debug|Any CPU
		{A8BAF7E3-425A-4E5B-A8F5-8A630ED03C4E}.Debug|Any CPU.Build.0 = Debug|Any CPU
		{A8BAF7E3-425A-4E5B-A8F5-8A630ED03C4E}.Debug|x86.ActiveCfg = Debug|Any CPU
		{A8BAF7E3-425A-4E5B-A8F5-8A630ED03C4E}.Debug|x86.Build.0 = Debug|Any CPU
		{A8BAF7E3-425A-4E5B-A8F5-8A630ED03C4E}.Release|Any CPU.ActiveCfg = Release|Any CPU
		{A8BAF7E3-425A-4E5B-A8F5-8A630ED03C4E}.Release|Any CPU.Build.0 = Release|Any CPU
		{A8BAF7E3-425A-4E5B-A8F5-8A630ED03C4E}.Release|x86.ActiveCfg = Release|Any CPU
		{A8BAF7E3-425A-4E5B-A8F5-8A630ED03C4E}.Release|x86.Build.0 = Release|Any CPU
		{442C30D7-BA25-442E-AE1B-A9050DDA1097}.Debug|Any CPU.ActiveCfg = Debug|Any CPU
		{442C30D7-BA25-442E-AE1B-A9050DDA1097}.Debug|Any CPU.Build.0 = Debug|Any CPU
		{442C30D7-BA25-442E-AE1B-A9050DDA1097}.Debug|x86.ActiveCfg = Debug|Any CPU
		{442C30D7-BA25-442E-AE1B-A9050DDA1097}.Debug|x86.Build.0 = Debug|Any CPU
		{442C30D7-BA25-442E-AE1B-A9050DDA1097}.Release|Any CPU.ActiveCfg = Release|Any CPU
		{442C30D7-BA25-442E-AE1B-A9050DDA1097}.Release|Any CPU.Build.0 = Release|Any CPU
		{442C30D7-BA25-442E-AE1B-A9050DDA1097}.Release|x86.ActiveCfg = Release|Any CPU
		{442C30D7-BA25-442E-AE1B-A9050DDA1097}.Release|x86.Build.0 = Release|Any CPU
		{F4ABEF63-B2B1-4743-AED7-CC0B5CE5CF62}.Debug|Any CPU.ActiveCfg = Debug|Any CPU
		{F4ABEF63-B2B1-4743-AED7-CC0B5CE5CF62}.Debug|Any CPU.Build.0 = Debug|Any CPU
		{F4ABEF63-B2B1-4743-AED7-CC0B5CE5CF62}.Debug|x86.ActiveCfg = Debug|Any CPU
		{F4ABEF63-B2B1-4743-AED7-CC0B5CE5CF62}.Debug|x86.Build.0 = Debug|Any CPU
		{F4ABEF63-B2B1-4743-AED7-CC0B5CE5CF62}.Release|Any CPU.ActiveCfg = Release|Any CPU
		{F4ABEF63-B2B1-4743-AED7-CC0B5CE5CF62}.Release|Any CPU.Build.0 = Release|Any CPU
		{F4ABEF63-B2B1-4743-AED7-CC0B5CE5CF62}.Release|x86.ActiveCfg = Release|Any CPU
		{F4ABEF63-B2B1-4743-AED7-CC0B5CE5CF62}.Release|x86.Build.0 = Release|Any CPU
		{1FCDF01F-CDE8-4BF1-9E37-A85CC4E5A002}.Debug|Any CPU.ActiveCfg = Debug|Any CPU
		{1FCDF01F-CDE8-4BF1-9E37-A85CC4E5A002}.Debug|Any CPU.Build.0 = Debug|Any CPU
		{1FCDF01F-CDE8-4BF1-9E37-A85CC4E5A002}.Debug|x86.ActiveCfg = Debug|Any CPU
		{1FCDF01F-CDE8-4BF1-9E37-A85CC4E5A002}.Debug|x86.Build.0 = Debug|Any CPU
		{1FCDF01F-CDE8-4BF1-9E37-A85CC4E5A002}.Release|Any CPU.ActiveCfg = Release|Any CPU
		{1FCDF01F-CDE8-4BF1-9E37-A85CC4E5A002}.Release|Any CPU.Build.0 = Release|Any CPU
		{1FCDF01F-CDE8-4BF1-9E37-A85CC4E5A002}.Release|x86.ActiveCfg = Release|Any CPU
		{1FCDF01F-CDE8-4BF1-9E37-A85CC4E5A002}.Release|x86.Build.0 = Release|Any CPU
		{72D4FCF9-B56C-4561-ADE6-C8CBF7F74956}.Debug|Any CPU.ActiveCfg = Debug|Any CPU
		{72D4FCF9-B56C-4561-ADE6-C8CBF7F74956}.Debug|Any CPU.Build.0 = Debug|Any CPU
		{72D4FCF9-B56C-4561-ADE6-C8CBF7F74956}.Debug|x86.ActiveCfg = Debug|Any CPU
		{72D4FCF9-B56C-4561-ADE6-C8CBF7F74956}.Debug|x86.Build.0 = Debug|Any CPU
		{72D4FCF9-B56C-4561-ADE6-C8CBF7F74956}.Release|Any CPU.ActiveCfg = Release|Any CPU
		{72D4FCF9-B56C-4561-ADE6-C8CBF7F74956}.Release|Any CPU.Build.0 = Release|Any CPU
		{72D4FCF9-B56C-4561-ADE6-C8CBF7F74956}.Release|x86.ActiveCfg = Release|Any CPU
		{72D4FCF9-B56C-4561-ADE6-C8CBF7F74956}.Release|x86.Build.0 = Release|Any CPU
		{BB8B5C97-7606-4005-AA71-BE9E190F0731}.Debug|Any CPU.ActiveCfg = Debug|Any CPU
		{BB8B5C97-7606-4005-AA71-BE9E190F0731}.Debug|Any CPU.Build.0 = Debug|Any CPU
		{BB8B5C97-7606-4005-AA71-BE9E190F0731}.Debug|x86.ActiveCfg = Debug|Any CPU
		{BB8B5C97-7606-4005-AA71-BE9E190F0731}.Debug|x86.Build.0 = Debug|Any CPU
		{BB8B5C97-7606-4005-AA71-BE9E190F0731}.Release|Any CPU.ActiveCfg = Release|Any CPU
		{BB8B5C97-7606-4005-AA71-BE9E190F0731}.Release|Any CPU.Build.0 = Release|Any CPU
		{BB8B5C97-7606-4005-AA71-BE9E190F0731}.Release|x86.ActiveCfg = Release|Any CPU
		{BB8B5C97-7606-4005-AA71-BE9E190F0731}.Release|x86.Build.0 = Release|Any CPU
		{8B5884F5-0C08-4B65-85C8-0BD52C2BF63A}.Debug|Any CPU.ActiveCfg = Debug|x86
		{8B5884F5-0C08-4B65-85C8-0BD52C2BF63A}.Debug|Any CPU.Build.0 = Debug|x86
		{8B5884F5-0C08-4B65-85C8-0BD52C2BF63A}.Debug|x86.ActiveCfg = Debug|x86
		{8B5884F5-0C08-4B65-85C8-0BD52C2BF63A}.Debug|x86.Build.0 = Debug|x86
		{8B5884F5-0C08-4B65-85C8-0BD52C2BF63A}.Release|Any CPU.ActiveCfg = Release|x86
		{8B5884F5-0C08-4B65-85C8-0BD52C2BF63A}.Release|Any CPU.Build.0 = Release|x86
		{8B5884F5-0C08-4B65-85C8-0BD52C2BF63A}.Release|x86.ActiveCfg = Release|x86
		{8B5884F5-0C08-4B65-85C8-0BD52C2BF63A}.Release|x86.Build.0 = Release|x86
		{94663C64-CAC5-4B0A-A977-244530AFC7DF}.Debug|Any CPU.ActiveCfg = Debug|x86
		{94663C64-CAC5-4B0A-A977-244530AFC7DF}.Debug|Any CPU.Build.0 = Debug|x86
		{94663C64-CAC5-4B0A-A977-244530AFC7DF}.Debug|x86.ActiveCfg = Debug|x86
		{94663C64-CAC5-4B0A-A977-244530AFC7DF}.Debug|x86.Build.0 = Debug|x86
		{94663C64-CAC5-4B0A-A977-244530AFC7DF}.Release|Any CPU.ActiveCfg = Release|x86
		{94663C64-CAC5-4B0A-A977-244530AFC7DF}.Release|Any CPU.Build.0 = Release|x86
		{94663C64-CAC5-4B0A-A977-244530AFC7DF}.Release|x86.ActiveCfg = Release|x86
		{94663C64-CAC5-4B0A-A977-244530AFC7DF}.Release|x86.Build.0 = Release|x86
		{A491FC3A-DFA2-4652-AB00-62C8C0E1A1AE}.Debug|Any CPU.ActiveCfg = Debug|Any CPU
		{A491FC3A-DFA2-4652-AB00-62C8C0E1A1AE}.Debug|Any CPU.Build.0 = Debug|Any CPU
		{A491FC3A-DFA2-4652-AB00-62C8C0E1A1AE}.Debug|x86.ActiveCfg = Debug|Any CPU
		{A491FC3A-DFA2-4652-AB00-62C8C0E1A1AE}.Debug|x86.Build.0 = Debug|Any CPU
		{A491FC3A-DFA2-4652-AB00-62C8C0E1A1AE}.Release|Any CPU.ActiveCfg = Release|Any CPU
		{A491FC3A-DFA2-4652-AB00-62C8C0E1A1AE}.Release|Any CPU.Build.0 = Release|Any CPU
		{A491FC3A-DFA2-4652-AB00-62C8C0E1A1AE}.Release|x86.ActiveCfg = Release|Any CPU
		{A491FC3A-DFA2-4652-AB00-62C8C0E1A1AE}.Release|x86.Build.0 = Release|Any CPU
		{44D49688-5E46-493B-9EA2-757F3EB77399}.Debug|Any CPU.ActiveCfg = Debug|Any CPU
		{44D49688-5E46-493B-9EA2-757F3EB77399}.Debug|Any CPU.Build.0 = Debug|Any CPU
		{44D49688-5E46-493B-9EA2-757F3EB77399}.Debug|x86.ActiveCfg = Debug|Any CPU
		{44D49688-5E46-493B-9EA2-757F3EB77399}.Debug|x86.Build.0 = Debug|Any CPU
		{44D49688-5E46-493B-9EA2-757F3EB77399}.Release|Any CPU.ActiveCfg = Release|Any CPU
		{44D49688-5E46-493B-9EA2-757F3EB77399}.Release|Any CPU.Build.0 = Release|Any CPU
		{44D49688-5E46-493B-9EA2-757F3EB77399}.Release|x86.ActiveCfg = Release|Any CPU
		{44D49688-5E46-493B-9EA2-757F3EB77399}.Release|x86.Build.0 = Release|Any CPU
		{5966C1DE-814C-47FC-AAAF-B6CFC7ED2F20}.Debug|Any CPU.ActiveCfg = Debug|Any CPU
		{5966C1DE-814C-47FC-AAAF-B6CFC7ED2F20}.Debug|Any CPU.Build.0 = Debug|Any CPU
		{5966C1DE-814C-47FC-AAAF-B6CFC7ED2F20}.Debug|x86.ActiveCfg = Debug|Any CPU
		{5966C1DE-814C-47FC-AAAF-B6CFC7ED2F20}.Debug|x86.Build.0 = Debug|Any CPU
		{5966C1DE-814C-47FC-AAAF-B6CFC7ED2F20}.Release|Any CPU.ActiveCfg = Release|Any CPU
		{5966C1DE-814C-47FC-AAAF-B6CFC7ED2F20}.Release|Any CPU.Build.0 = Release|Any CPU
		{5966C1DE-814C-47FC-AAAF-B6CFC7ED2F20}.Release|x86.ActiveCfg = Release|Any CPU
		{5966C1DE-814C-47FC-AAAF-B6CFC7ED2F20}.Release|x86.Build.0 = Release|Any CPU
		{30F0CC44-928D-432A-AC99-F494D9C480B8}.Debug|Any CPU.ActiveCfg = Debug|Any CPU
		{30F0CC44-928D-432A-AC99-F494D9C480B8}.Debug|Any CPU.Build.0 = Debug|Any CPU
		{30F0CC44-928D-432A-AC99-F494D9C480B8}.Debug|x86.ActiveCfg = Debug|Any CPU
		{30F0CC44-928D-432A-AC99-F494D9C480B8}.Debug|x86.Build.0 = Debug|Any CPU
		{30F0CC44-928D-432A-AC99-F494D9C480B8}.Release|Any CPU.ActiveCfg = Release|Any CPU
		{30F0CC44-928D-432A-AC99-F494D9C480B8}.Release|Any CPU.Build.0 = Release|Any CPU
		{30F0CC44-928D-432A-AC99-F494D9C480B8}.Release|x86.ActiveCfg = Release|Any CPU
		{30F0CC44-928D-432A-AC99-F494D9C480B8}.Release|x86.Build.0 = Release|Any CPU
		{48045718-0BBF-4E06-984B-AD4392AE02B8}.Debug|Any CPU.ActiveCfg = Debug|Any CPU
		{48045718-0BBF-4E06-984B-AD4392AE02B8}.Debug|Any CPU.Build.0 = Debug|Any CPU
		{48045718-0BBF-4E06-984B-AD4392AE02B8}.Debug|x86.ActiveCfg = Debug|Any CPU
		{48045718-0BBF-4E06-984B-AD4392AE02B8}.Debug|x86.Build.0 = Debug|Any CPU
		{48045718-0BBF-4E06-984B-AD4392AE02B8}.Release|Any CPU.ActiveCfg = Release|Any CPU
		{48045718-0BBF-4E06-984B-AD4392AE02B8}.Release|Any CPU.Build.0 = Release|Any CPU
		{48045718-0BBF-4E06-984B-AD4392AE02B8}.Release|x86.ActiveCfg = Release|Any CPU
		{48045718-0BBF-4E06-984B-AD4392AE02B8}.Release|x86.Build.0 = Release|Any CPU
		{F30D1B98-43CC-45BE-8D01-85922183AF8E}.Debug|Any CPU.ActiveCfg = Debug|Any CPU
		{F30D1B98-43CC-45BE-8D01-85922183AF8E}.Debug|Any CPU.Build.0 = Debug|Any CPU
		{F30D1B98-43CC-45BE-8D01-85922183AF8E}.Debug|x86.ActiveCfg = Debug|Any CPU
		{F30D1B98-43CC-45BE-8D01-85922183AF8E}.Debug|x86.Build.0 = Debug|Any CPU
		{F30D1B98-43CC-45BE-8D01-85922183AF8E}.Release|Any CPU.ActiveCfg = Release|Any CPU
		{F30D1B98-43CC-45BE-8D01-85922183AF8E}.Release|Any CPU.Build.0 = Release|Any CPU
		{F30D1B98-43CC-45BE-8D01-85922183AF8E}.Release|x86.ActiveCfg = Release|Any CPU
		{F30D1B98-43CC-45BE-8D01-85922183AF8E}.Release|x86.Build.0 = Release|Any CPU
	EndGlobalSection
	GlobalSection(SolutionProperties) = preSolution
		HideSolutionNode = FALSE
	EndGlobalSection
	GlobalSection(NestedProjects) = preSolution
		{F4ABEF63-B2B1-4743-AED7-CC0B5CE5CF62} = {36A88E5B-0E3C-453C-9D1E-1DCD3F0D8583}
		{1FCDF01F-CDE8-4BF1-9E37-A85CC4E5A002} = {36A88E5B-0E3C-453C-9D1E-1DCD3F0D8583}
		{72D4FCF9-B56C-4561-ADE6-C8CBF7F74956} = {36A88E5B-0E3C-453C-9D1E-1DCD3F0D8583}
		{BB8B5C97-7606-4005-AA71-BE9E190F0731} = {36A88E5B-0E3C-453C-9D1E-1DCD3F0D8583}
		{8B5884F5-0C08-4B65-85C8-0BD52C2BF63A} = {36A88E5B-0E3C-453C-9D1E-1DCD3F0D8583}
		{94663C64-CAC5-4B0A-A977-244530AFC7DF} = {36A88E5B-0E3C-453C-9D1E-1DCD3F0D8583}
		{44D49688-5E46-493B-9EA2-757F3EB77399} = {535325BC-5CBF-46E3-8ED2-7ECD39ED3C1E}
		{5966C1DE-814C-47FC-AAAF-B6CFC7ED2F20} = {535325BC-5CBF-46E3-8ED2-7ECD39ED3C1E}
		{30F0CC44-928D-432A-AC99-F494D9C480B8} = {535325BC-5CBF-46E3-8ED2-7ECD39ED3C1E}
		{48045718-0BBF-4E06-984B-AD4392AE02B8} = {535325BC-5CBF-46E3-8ED2-7ECD39ED3C1E}
		{F30D1B98-43CC-45BE-8D01-85922183AF8E} = {535325BC-5CBF-46E3-8ED2-7ECD39ED3C1E}
	EndGlobalSection
	GlobalSection(ExtensibilityGlobals) = postSolution
		SolutionGuid = {1E3A9E42-EBCB-4AFF-898B-2B0F21754E9C}
	EndGlobalSection
EndGlobal
